
Microsoft Visual Studio Solution File, Format Version 12.00
# Visual Studio Version 17
VisualStudioVersion = 17.14.36429.23 d17.14
MinimumVisualStudioVersion = 10.0.40219.1
Project("{888888A0-9F3D-457C-B088-3A5042F75D52}") = "discord gemini bot", "discord gemini bot.pyproj", "{DF5E5787-9A57-480C-B8DC-CCAA1017DE53}"
EndProject
Global
	GlobalSection(SolutionConfigurationPlatforms) = preSolution
		Debug|Any CPU = Debug|Any CPU
		Release|Any CPU = Release|Any CPU
	EndGlobalSection
	GlobalSection(ProjectConfigurationPlatforms) = postSolution
		{DF5E5787-9A57-480C-B8DC-CCAA1017DE53}.Debug|Any CPU.ActiveCfg = Debug|Any CPU
		{DF5E5787-9A57-480C-B8DC-CCAA1017DE53}.Release|Any CPU.ActiveCfg = Release|Any CPU
	EndGlobalSection
	GlobalSection(SolutionProperties) = preSolution
		HideSolutionNode = FALSE
	EndGlobalSection
	GlobalSection(ExtensibilityGlobals) = postSolution
		SolutionGuid = {82013B38-4074-4D93-9CC9-016D03145995}
	EndGlobalSection
EndGlobal
